Microsoft Visual Studio Solution File, Format Version 12.00
# Visual Studio 15
VisualStudioVersion = 15.0.27130.2027
MinimumVisualStudioVersion = 10.0.40219.1
Project("{9A19103F-16F7-4668-BE54-9A1E7A4F7556}") = "ChilliSource.Core.Extensions", "ChilliSource.Core.Extensions\ChilliSource.Core.Extensions.csproj", "{BD6B5C95-F37A-4826-91A1-901CCF0B2732}"
EndProject
Project("{9A19103F-16F7-4668-BE54-9A1E7A4F7556}") = "ChilliSource.Core.Extensions.Tests", "ChilliSource.Core.Extensions.Tests\ChilliSource.Core.Extensions.Tests.csproj", "{08697CFD-6AFF-4FB9-94EF-E51EA8DBE1DA}"
EndProject
Global
	GlobalSection(SolutionConfigurationPlatforms) = preSolution
		Debug|Any CPU = Debug|Any CPU
		Release|Any CPU = Release|Any CPU
	EndGlobalSection
	GlobalSection(ProjectConfigurationPlatforms) = postSolution
		{BD6B5C95-F37A-4826-91A1-901CCF0B2732}.Debug|Any CPU.ActiveCfg = Debug|Any CPU
		{BD6B5C95-F37A-4826-91A1-901CCF0B2732}.Debug|Any CPU.Build.0 = Debug|Any CPU
		{BD6B5C95-F37A-4826-91A1-901CCF0B2732}.Release|Any CPU.ActiveCfg = Release|Any CPU
		{BD6B5C95-F37A-4826-91A1-901CCF0B2732}.Release|Any CPU.Build.0 = Release|Any CPU
		{08697CFD-6AFF-4FB9-94EF-E51EA8DBE1DA}.Debug|Any CPU.ActiveCfg = Debug|Any CPU
		{08697CFD-6AFF-4FB9-94EF-E51EA8DBE1DA}.Debug|Any CPU.Build.0 = Debug|Any CPU
		{08697CFD-6AFF-4FB9-94EF-E51EA8DBE1DA}.Release|Any CPU.ActiveCfg = Release|Any CPU
		{08697CFD-6AFF-4FB9-94EF-E51EA8DBE1DA}.Release|Any CPU.Build.0 = Release|Any CPU
	EndGlobalSection
	GlobalSection(SolutionProperties) = preSolution
		HideSolutionNode = FALSE
	EndGlobalSection
	GlobalSection(ExtensibilityGlobals) = postSolution
		SolutionGuid = {3B6834B3-E6CB-4EEC-A34B-07F6AB13EEFD}
	EndGlobalSection
EndGlobal
